// !$*UTF8*$!
{
	archiveVersion = 1;
	classes = {
	};
	objectVersion = 51;
	objects = {

/* Begin PBXBuildFile section */
		3289A5574349FD9FDE245CA9 /* Pods_News.framework in Frameworks */ = {isa = PBXBuildFile; fileRef = 1BE5DD1CF969E56199A26B69 /* Pods_News.framework */; };
		E3B7725626A2A24B00356A73 /* AppDelegate.swift in Sources */ = {isa = PBXBuildFile; fileRef = E3B7725526A2A24B00356A73 /* AppDelegate.swift */; };
		E3B7725A26A2A24B00356A73 /* ViewController.swift in Sources */ = {isa = PBXBuildFile; fileRef = E3B7725926A2A24B00356A73 /* ViewController.swift */; };
		E3B7725D26A2A24B00356A73 /* Main.storyboard in Resources */ = {isa = PBXBuildFile; fileRef = E3B7725B26A2A24B00356A73 /* Main.storyboard */; };
		E3B7725F26A2A24E00356A73 /* Assets.xcassets in Resources */ = {isa = PBXBuildFile; fileRef = E3B7725E26A2A24E00356A73 /* Assets.xcassets */; };
		E3B7726226A2A24E00356A73 /* LaunchScreen.storyboard in Resources */ = {isa = PBXBuildFile; fileRef = E3B7726026A2A24E00356A73 /* LaunchScreen.storyboard */; };
		E3B772A426A2A6CA00356A73 /* UIHelper.swift in Sources */ = {isa = PBXBuildFile; fileRef = E3B772A326A2A6CA00356A73 /* UIHelper.swift */; };
		E3B772BE26A2AB8C00356A73 /* VCInstantiate.swift in Sources */ = {isa = PBXBuildFile; fileRef = E3B772BD26A2AB8C00356A73 /* VCInstantiate.swift */; };
		E3B772C526A2ACE500356A73 /* BaseLayout.swift in Sources */ = {isa = PBXBuildFile; fileRef = E3B772C426A2ACE500356A73 /* BaseLayout.swift */; };
		E3B772C826A2AD2A00356A73 /* Environment.swift in Sources */ = {isa = PBXBuildFile; fileRef = E3B772C726A2AD2A00356A73 /* Environment.swift */; };
		E3B772CB26A2AD7A00356A73 /* Constants.swift in Sources */ = {isa = PBXBuildFile; fileRef = E3B772CA26A2AD7A00356A73 /* Constants.swift */; };
		E3B772D026A2AE3300356A73 /* ToyotaTypeSemibold.ttf in Resources */ = {isa = PBXBuildFile; fileRef = E3B772CE26A2AE3300356A73 /* ToyotaTypeSemibold.ttf */; };
		E3B772D126A2AE3300356A73 /* ToyotaTypeBook.ttf in Resources */ = {isa = PBXBuildFile; fileRef = E3B772CF26A2AE3300356A73 /* ToyotaTypeBook.ttf */; };
		E3B772DE26A2AF3500356A73 /* UIColorExtension.swift in Sources */ = {isa = PBXBuildFile; fileRef = E3B772DD26A2AF3500356A73 /* UIColorExtension.swift */; };
		E3B772E126A2AF5900356A73 /* UIFontExtension.swift in Sources */ = {isa = PBXBuildFile; fileRef = E3B772E026A2AF5900356A73 /* UIFontExtension.swift */; };
		E3B772E426A2AF9D00356A73 /* Localization.swift in Sources */ = {isa = PBXBuildFile; fileRef = E3B772E326A2AF9D00356A73 /* Localization.swift */; };
		E3B772E826A2AFD100356A73 /* AppLanguage.swift in Sources */ = {isa = PBXBuildFile; fileRef = E3B772E726A2AFD100356A73 /* AppLanguage.swift */; };
		E3B772EB26A2AFFD00356A73 /* StringExtension.swift in Sources */ = {isa = PBXBuildFile; fileRef = E3B772EA26A2AFFD00356A73 /* StringExtension.swift */; };
		E3B772EE26A2B10800356A73 /* UIImageViewExtension.swift in Sources */ = {isa = PBXBuildFile; fileRef = E3B772ED26A2B10800356A73 /* UIImageViewExtension.swift */; };
/* End PBXBuildFile section */

/* Begin PBXFileReference section */
		1BE5DD1CF969E56199A26B69 /* Pods_News.framework */ = {isa = PBXFileReference; explicitFileType = wrapper.framework; includeInIndex = 0; path = Pods_News.framework; sourceTree = BUILT_PRODUCTS_DIR; };
		8E7B93A5F837A434F34AFBB3 /* Pods-News.debug.xcconfig */ = {isa = PBXFileReference; includeInIndex = 1; lastKnownFileType = text.xcconfig; name = "Pods-News.debug.xcconfig"; path = "Target Support Files/Pods-News/Pods-News.debug.xcconfig"; sourceTree = "<group>"; };
		B03815D5B68364A91361655A /* Pods-News.release.xcconfig */ = {isa = PBXFileReference; includeInIndex = 1; lastKnownFileType = text.xcconfig; name = "Pods-News.release.xcconfig"; path = "Target Support Files/Pods-News/Pods-News.release.xcconfig"; sourceTree = "<group>"; };
		E3B7725226A2A24B00356A73 /* News.app */ = {isa = PBXFileReference; explicitFileType = wrapper.application; includeInIndex = 0; path = News.app; sourceTree = BUILT_PRODUCTS_DIR; };
		E3B7725526A2A24B00356A73 /* AppDelegate.swift */ = {isa = PBXFileReference; lastKnownFileType = sourcecode.swift; path = AppDelegate.swift; sourceTree = "<group>"; };
		E3B7725926A2A24B00356A73 /* ViewController.swift */ = {isa = PBXFileReference; lastKnownFileType = sourcecode.swift; path = ViewController.swift; sourceTree = "<group>"; };
		E3B7725C26A2A24B00356A73 /* Base */ = {isa = PBXFileReference; lastKnownFileType = file.storyboard; name = Base; path = Base.lproj/Main.storyboard; sourceTree = "<group>"; };
		E3B7725E26A2A24E00356A73 /* Assets.xcassets */ = {isa = PBXFileReference; lastKnownFileType = folder.assetcatalog; path = Assets.xcassets; sourceTree = "<group>"; };
		E3B7726126A2A24E00356A73 /* Base */ = {isa = PBXFileReference; lastKnownFileType = file.storyboard; name = Base; path = Base.lproj/LaunchScreen.storyboard; sourceTree = "<group>"; };
		E3B7726326A2A24E00356A73 /* Info.plist */ = {isa = PBXFileReference; lastKnownFileType = text.plist.xml; path = Info.plist; sourceTree = "<group>"; };
		E3B772A326A2A6CA00356A73 /* UIHelper.swift */ = {isa = PBXFileReference; lastKnownFileType = sourcecode.swift; path = UIHelper.swift; sourceTree = "<group>"; };
		E3B772BD26A2AB8C00356A73 /* VCInstantiate.swift */ = {isa = PBXFileReference; lastKnownFileType = sourcecode.swift; path = VCInstantiate.swift; sourceTree = "<group>"; };
		E3B772C426A2ACE500356A73 /* BaseLayout.swift */ = {isa = PBXFileReference; lastKnownFileType = sourcecode.swift; path = BaseLayout.swift; sourceTree = "<group>"; };
		E3B772C726A2AD2A00356A73 /* Environment.swift */ = {isa = PBXFileReference; lastKnownFileType = sourcecode.swift; path = Environment.swift; sourceTree = "<group>"; };
		E3B772CA26A2AD7A00356A73 /* Constants.swift */ = {isa = PBXFileReference; lastKnownFileType = sourcecode.swift; path = Constants.swift; sourceTree = "<group>"; };
		E3B772CE26A2AE3300356A73 /* ToyotaTypeSemibold.ttf */ = {isa = PBXFileReference; lastKnownFileType = file; path = ToyotaTypeSemibold.ttf; sourceTree = "<group>"; };
		E3B772CF26A2AE3300356A73 /* ToyotaTypeBook.ttf */ = {isa = PBXFileReference; lastKnownFileType = file; path = ToyotaTypeBook.ttf; sourceTree = "<group>"; };
		E3B772DD26A2AF3500356A73 /* UIColorExtension.swift */ = {isa = PBXFileReference; lastKnownFileType = sourcecode.swift; path = UIColorExtension.swift; sourceTree = "<group>"; };
		E3B772E026A2AF5900356A73 /* UIFontExtension.swift */ = {isa = PBXFileReference; lastKnownFileType = sourcecode.swift; path = UIFontExtension.swift; sourceTree = "<group>"; };
		E3B772E326A2AF9D00356A73 /* Localization.swift */ = {isa = PBXFileReference; lastKnownFileType = sourcecode.swift; path = Localization.swift; sourceTree = "<group>"; };
		E3B772E726A2AFD100356A73 /* AppLanguage.swift */ = {isa = PBXFileReference; lastKnownFileType = sourcecode.swift; path = AppLanguage.swift; sourceTree = "<group>"; };
		E3B772EA26A2AFFD00356A73 /* StringExtension.swift */ = {isa = PBXFileReference; lastKnownFileType = sourcecode.swift; path = StringExtension.swift; sourceTree = "<group>"; };
		E3B772ED26A2B10800356A73 /* UIImageViewExtension.swift */ = {isa = PBXFileReference; lastKnownFileType = sourcecode.swift; path = UIImageViewExtension.swift; sourceTree = "<group>"; };
/* End PBXFileReference section */

/* Begin PBXFrameworksBuildPhase section */
		E3B7724F26A2A24B00356A73 /* Frameworks */ = {
			isa = PBXFrameworksBuildPhase;
			buildActionMask = 2147483647;
			files = (
				3289A5574349FD9FDE245CA9 /* Pods_News.framework in Frameworks */,
			);
			runOnlyForDeploymentPostprocessing = 0;
		};
/* End PBXFrameworksBuildPhase section */

/* Begin PBXGroup section */
		2EDDF365A323989DEFC5DCD2 /* Pods */ = {
			isa = PBXGroup;
			children = (
				8E7B93A5F837A434F34AFBB3 /* Pods-News.debug.xcconfig */,
				B03815D5B68364A91361655A /* Pods-News.release.xcconfig */,
			);
			path = Pods;
			sourceTree = "<group>";
		};
		79BA807CF9A80A06B033FE53 /* Frameworks */ = {
			isa = PBXGroup;
			children = (
				1BE5DD1CF969E56199A26B69 /* Pods_News.framework */,
			);
			name = Frameworks;
			sourceTree = "<group>";
		};
		E3B7724926A2A24B00356A73 = {
			isa = PBXGroup;
			children = (
				E3B7725426A2A24B00356A73 /* News */,
				E3B7725326A2A24B00356A73 /* Products */,
				2EDDF365A323989DEFC5DCD2 /* Pods */,
				79BA807CF9A80A06B033FE53 /* Frameworks */,
			);
			sourceTree = "<group>";
		};
		E3B7725326A2A24B00356A73 /* Products */ = {
			isa = PBXGroup;
			children = (
				E3B7725226A2A24B00356A73 /* News.app */,
			);
			name = Products;
			sourceTree = "<group>";
		};
		E3B7725426A2A24B00356A73 /* News */ = {
			isa = PBXGroup;
			children = (
				E3B7726326A2A24E00356A73 /* Info.plist */,
				E3B7729F26A2A68500356A73 /* SupportFiles */,
				E3B7729E26A2A67A00356A73 /* Utilities&Helpers */,
				E3B772CD26A2ADC400356A73 /* Fonts */,
				E3B772D326A2AECB00356A73 /* Extensions */,
			);
			path = News;
			sourceTree = "<group>";
		};
		E3B7729E26A2A67A00356A73 /* Utilities&Helpers */ = {
			isa = PBXGroup;
			children = (
				E3B772E626A2AFC200356A73 /* Enums */,
				E3B772BC26A2AB7300356A73 /* Utils */,
				E3B772A226A2A6BE00356A73 /* UI */,
			);
			path = "Utilities&Helpers";
			sourceTree = "<group>";
		};
		E3B7729F26A2A68500356A73 /* SupportFiles */ = {
			isa = PBXGroup;
			children = (
				E3B7725526A2A24B00356A73 /* AppDelegate.swift */,
				E3B7725926A2A24B00356A73 /* ViewController.swift */,
				E3B7725B26A2A24B00356A73 /* Main.storyboard */,
				E3B7725E26A2A24E00356A73 /* Assets.xcassets */,
				E3B7726026A2A24E00356A73 /* LaunchScreen.storyboard */,
			);
			path = SupportFiles;
			sourceTree = "<group>";
		};
		E3B772A226A2A6BE00356A73 /* UI */ = {
			isa = PBXGroup;
			children = (
				E3B772A326A2A6CA00356A73 /* UIHelper.swift */,
				E3B772C426A2ACE500356A73 /* BaseLayout.swift */,
			);
			path = UI;
			sourceTree = "<group>";
		};
		E3B772BC26A2AB7300356A73 /* Utils */ = {
			isa = PBXGroup;
			children = (
				E3B772BD26A2AB8C00356A73 /* VCInstantiate.swift */,
				E3B772C726A2AD2A00356A73 /* Environment.swift */,
				E3B772CA26A2AD7A00356A73 /* Constants.swift */,
				E3B772E326A2AF9D00356A73 /* Localization.swift */,
			);
			path = Utils;
			sourceTree = "<group>";
		};
		E3B772CD26A2ADC400356A73 /* Fonts */ = {
			isa = PBXGroup;
			children = (
				E3B772CF26A2AE3300356A73 /* ToyotaTypeBook.ttf */,
				E3B772CE26A2AE3300356A73 /* ToyotaTypeSemibold.ttf */,
			);
			path = Fonts;
			sourceTree = "<group>";
		};
		E3B772D326A2AECB00356A73 /* Extensions */ = {
			isa = PBXGroup;
			children = (
				E3B772DD26A2AF3500356A73 /* UIColorExtension.swift */,
				E3B772E026A2AF5900356A73 /* UIFontExtension.swift */,
				E3B772EA26A2AFFD00356A73 /* StringExtension.swift */,
				E3B772ED26A2B10800356A73 /* UIImageViewExtension.swift */,
			);
			path = Extensions;
			sourceTree = "<group>";
		};
		E3B772E626A2AFC200356A73 /* Enums */ = {
			isa = PBXGroup;
			children = (
				E3B772E726A2AFD100356A73 /* AppLanguage.swift */,
			);
			path = Enums;
			sourceTree = "<group>";
		};
/* End PBXGroup section */

/* Begin PBXNativeTarget section */
		E3B7725126A2A24B00356A73 /* News */ = {
			isa = PBXNativeTarget;
			buildConfigurationList = E3B7726626A2A24E00356A73 /* Build configuration list for PBXNativeTarget "News" */;
			buildPhases = (
				0C0F307CFFFB4C18E656DC8E /* [CP] Check Pods Manifest.lock */,
				E3B7724E26A2A24B00356A73 /* Sources */,
				E3B7724F26A2A24B00356A73 /* Frameworks */,
				E3B7725026A2A24B00356A73 /* Resources */,
				F5BA79E74413AF261DC61A44 /* [CP] Embed Pods Frameworks */,
			);
			buildRules = (
			);
			dependencies = (
			);
			name = News;
			productName = News;
			productReference = E3B7725226A2A24B00356A73 /* News.app */;
			productType = "com.apple.product-type.application";
		};
/* End PBXNativeTarget section */

/* Begin PBXProject section */
		E3B7724A26A2A24B00356A73 /* Project object */ = {
			isa = PBXProject;
			attributes = {
				LastSwiftUpdateCheck = 1220;
				LastUpgradeCheck = 1220;
				TargetAttributes = {
					E3B7725126A2A24B00356A73 = {
						CreatedOnToolsVersion = 12.2;
					};
				};
			};
			buildConfigurationList = E3B7724D26A2A24B00356A73 /* Build configuration list for PBXProject "News" */;
			compatibilityVersion = "Xcode 9.3";
			developmentRegion = en;
			hasScannedForEncodings = 0;
			knownRegions = (
				en,
				Base,
			);
			mainGroup = E3B7724926A2A24B00356A73;
			productRefGroup = E3B7725326A2A24B00356A73 /* Products */;
			projectDirPath = "";
			projectRoot = "";
			targets = (
				E3B7725126A2A24B00356A73 /* News */,
			);
		};
/* End PBXProject section */

/* Begin PBXResourcesBuildPhase section */
		E3B7725026A2A24B00356A73 /* Resources */ = {
			isa = PBXResourcesBuildPhase;
			buildActionMask = 2147483647;
			files = (
				E3B7726226A2A24E00356A73 /* LaunchScreen.storyboard in Resources */,
				E3B7725F26A2A24E00356A73 /* Assets.xcassets in Resources */,
				E3B7725D26A2A24B00356A73 /* Main.storyboard in Resources */,
				E3B772D026A2AE3300356A73 /* ToyotaTypeSemibold.ttf in Resources */,
				E3B772D126A2AE3300356A73 /* ToyotaTypeBook.ttf in Resources */,
			);
			runOnlyForDeploymentPostprocessing = 0;
		};
/* End PBXResourcesBuildPhase section */

/* Begin PBXShellScriptBuildPhase section */
		0C0F307CFFFB4C18E656DC8E /* [CP] Check Pods Manifest.lock */ = {
			isa = PBXShellScriptBuildPhase;
			buildActionMask = 2147483647;
			files = (
			);
			inputFileListPaths = (
			);
			inputPaths = (
				"${PODS_PODFILE_DIR_PATH}/Podfile.lock",
				"${PODS_ROOT}/Manifest.lock",
			);
			name = "[CP] Check Pods Manifest.lock";
			outputFileListPaths = (
			);
			outputPaths = (
				"$(DERIVED_FILE_DIR)/Pods-News-checkManifestLockResult.txt",
			);
			runOnlyForDeploymentPostprocessing = 0;
			shellPath = /bin/sh;
			shellScript = "diff \"${PODS_PODFILE_DIR_PATH}/Podfile.lock\" \"${PODS_ROOT}/Manifest.lock\" > /dev/null\nif [ $? != 0 ] ; then\n    # print error to STDERR\n    echo \"error: The sandbox is not in sync with the Podfile.lock. Run 'pod install' or update your CocoaPods installation.\" >&2\n    exit 1\nfi\n# This output is used by Xcode 'outputs' to avoid re-running this script phase.\necho \"SUCCESS\" > \"${SCRIPT_OUTPUT_FILE_0}\"\n";
			showEnvVarsInLog = 0;
		};
		F5BA79E74413AF261DC61A44 /* [CP] Embed Pods Frameworks */ = {
			isa = PBXShellScriptBuildPhase;
			buildActionMask = 2147483647;
			files = (
			);
			inputFileListPaths = (
				"${PODS_ROOT}/Target Support Files/Pods-News/Pods-News-frameworks-${CONFIGURATION}-input-files.xcfilelist",
			);
			name = "[CP] Embed Pods Frameworks";
			outputFileListPaths = (
				"${PODS_ROOT}/Target Support Files/Pods-News/Pods-News-frameworks-${CONFIGURATION}-output-files.xcfilelist",
			);
			runOnlyForDeploymentPostprocessing = 0;
			shellPath = /bin/sh;
			shellScript = "\"${PODS_ROOT}/Target Support Files/Pods-News/Pods-News-frameworks.sh\"\n";
			showEnvVarsInLog = 0;
		};
/* End PBXShellScriptBuildPhase section */

/* Begin PBXSourcesBuildPhase section */
		E3B7724E26A2A24B00356A73 /* Sources */ = {
			isa = PBXSourcesBuildPhase;
			buildActionMask = 2147483647;
			files = (
				E3B7725A26A2A24B00356A73 /* ViewController.swift in Sources */,
				E3B772E126A2AF5900356A73 /* UIFontExtension.swift in Sources */,
				E3B772C826A2AD2A00356A73 /* Environment.swift in Sources */,
				E3B7725626A2A24B00356A73 /* AppDelegate.swift in Sources */,
				E3B772DE26A2AF3500356A73 /* UIColorExtension.swift in Sources */,
				E3B772C526A2ACE500356A73 /* BaseLayout.swift in Sources */,
				E3B772E826A2AFD100356A73 /* AppLanguage.swift in Sources */,
				E3B772E426A2AF9D00356A73 /* Localization.swift in Sources */,
				E3B772EB26A2AFFD00356A73 /* StringExtension.swift in Sources */,
				E3B772CB26A2AD7A00356A73 /* Constants.swift in Sources */,
				E3B772A426A2A6CA00356A73 /* UIHelper.swift in Sources */,
				E3B772EE26A2B10800356A73 /* UIImageViewExtension.swift in Sources */,
				E3B772BE26A2AB8C00356A73 /* VCInstantiate.swift in Sources */,
			);
			runOnlyForDeploymentPostprocessing = 0;
		};
/* End PBXSourcesBuildPhase section */

/* Begin PBXVariantGroup section */
		E3B7725B26A2A24B00356A73 /* Main.storyboard */ = {
			isa = PBXVariantGroup;
			children = (
				E3B7725C26A2A24B00356A73 /* Base */,
			);
			name = Main.storyboard;
			sourceTree = "<group>";
		};
		E3B7726026A2A24E00356A73 /* LaunchScreen.storyboard */ = {
			isa = PBXVariantGroup;
			children = (
				E3B7726126A2A24E00356A73 /* Base */,
			);
			name = LaunchScreen.storyboard;
			sourceTree = "<group>";
		};
/* End PBXVariantGroup section */

/* Begin XCBuildConfiguration section */
		E3B7726426A2A24E00356A73 /* Debug */ = {
			isa = XCBuildConfiguration;
			buildSettings = {
				ALWAYS_SEARCH_USER_PATHS = NO;
				CLANG_ANALYZER_NONNULL = YES;
				CLANG_ANALYZER_NUMBER_OBJECT_CONVERSION = YES_AGGRESSIVE;
				CLANG_CXX_LANGUAGE_STANDARD = "gnu++14";
				CLANG_CXX_LIBRARY = "libc++";
				CLANG_ENABLE_MODULES = YES;
				CLANG_ENABLE_OBJC_ARC = YES;
				CLANG_ENABLE_OBJC_WEAK = YES;
				CLANG_WARN_BLOCK_CAPTURE_AUTORELEASING = YES;
				CLANG_WARN_BOOL_CONVERSION = YES;
				CLANG_WARN_COMMA = YES;
				CLANG_WARN_CONSTANT_CONVERSION = YES;
				CLANG_WARN_DEPRECATED_OBJC_IMPLEMENTATIONS = YES;
				CLANG_WARN_DIRECT_OBJC_ISA_USAGE = YES_ERROR;
				CLANG_WARN_DOCUMENTATION_COMMENTS = YES;
				CLANG_WARN_EMPTY_BODY = YES;
				CLANG_WARN_ENUM_CONVERSION = YES;
				CLANG_WARN_INFINITE_RECURSION = YES;
				CLANG_WARN_INT_CONVERSION = YES;
				CLANG_WARN_NON_LITERAL_NULL_CONVERSION = YES;
				CLANG_WARN_OBJC_IMPLICIT_RETAIN_SELF = YES;
				CLANG_WARN_OBJC_LITERAL_CONVERSION = YES;
				CLANG_WARN_OBJC_ROOT_CLASS = YES_ERROR;
				CLANG_WARN_QUOTED_INCLUDE_IN_FRAMEWORK_HEADER = YES;
				CLANG_WARN_RANGE_LOOP_ANALYSIS = YES;
				CLANG_WARN_STRICT_PROTOTYPES = YES;
				CLANG_WARN_SUSPICIOUS_MOVE = YES;
				CLANG_WARN_UNGUARDED_AVAILABILITY = YES_AGGRESSIVE;
				CLANG_WARN_UNREACHABLE_CODE = YES;
				CLANG_WARN__DUPLICATE_METHOD_MATCH = YES;
				COPY_PHASE_STRIP = NO;
				DEBUG_INFORMATION_FORMAT = dwarf;
				ENABLE_STRICT_OBJC_MSGSEND = YES;
				ENABLE_TESTABILITY = YES;
				GCC_C_LANGUAGE_STANDARD = gnu11;
				GCC_DYNAMIC_NO_PIC = NO;
				GCC_NO_COMMON_BLOCKS = YES;
				GCC_OPTIMIZATION_LEVEL = 0;
				GCC_PREPROCESSOR_DEFINITIONS = (
					"DEBUG=1",
					"$(inherited)",
				);
				GCC_WARN_64_TO_32_BIT_CONVERSION = YES;
				GCC_WARN_ABOUT_RETURN_TYPE = YES_ERROR;
				GCC_WARN_UNDECLARED_SELECTOR = YES;
				GCC_WARN_UNINITIALIZED_AUTOS = YES_AGGRESSIVE;
				GCC_WARN_UNUSED_FUNCTION = YES;
				GCC_WARN_UNUSED_VARIABLE = YES;
				IPHONEOS_DEPLOYMENT_TARGET = 14.2;
				MTL_ENABLE_DEBUG_INFO = INCLUDE_SOURCE;
				MTL_FAST_MATH = YES;
				ONLY_ACTIVE_ARCH = YES;
				SDKROOT = iphoneos;
				SWIFT_ACTIVE_COMPILATION_CONDITIONS = DEBUG;
				SWIFT_OPTIMIZATION_LEVEL = "-Onone";
			};
			name = Debug;
		};
		E3B7726526A2A24E00356A73 /* Release */ = {
			isa = XCBuildConfiguration;
			buildSettings = {
				ALWAYS_SEARCH_USER_PATHS = NO;
				CLANG_ANALYZER_NONNULL = YES;
				CLANG_ANALYZER_NUMBER_OBJECT_CONVERSION = YES_AGGRESSIVE;
				CLANG_CXX_LANGUAGE_STANDARD = "gnu++14";
				CLANG_CXX_LIBRARY = "libc++";
				CLANG_ENABLE_MODULES = YES;
				CLANG_ENABLE_OBJC_ARC = YES;
				CLANG_ENABLE_OBJC_WEAK = YES;
				CLANG_WARN_BLOCK_CAPTURE_AUTORELEASING = YES;
				CLANG_WARN_BOOL_CONVERSION = YES;
				CLANG_WARN_COMMA = YES;
				CLANG_WARN_CONSTANT_CONVERSION = YES;
				CLANG_WARN_DEPRECATED_OBJC_IMPLEMENTATIONS = YES;
				CLANG_WARN_DIRECT_OBJC_ISA_USAGE = YES_ERROR;
				CLANG_WARN_DOCUMENTATION_COMMENTS = YES;
				CLANG_WARN_EMPTY_BODY = YES;
				CLANG_WARN_ENUM_CONVERSION = YES;
				CLANG_WARN_INFINITE_RECURSION = YES;
				CLANG_WARN_INT_CONVERSION = YES;
				CLANG_WARN_NON_LITERAL_NULL_CONVERSION = YES;
				CLANG_WARN_OBJC_IMPLICIT_RETAIN_SELF = YES;
				CLANG_WARN_OBJC_LITERAL_CONVERSION = YES;
				CLANG_WARN_OBJC_ROOT_CLASS = YES_ERROR;
				CLANG_WARN_QUOTED_INCLUDE_IN_FRAMEWORK_HEADER = YES;
				CLANG_WARN_RANGE_LOOP_ANALYSIS = YES;
				CLANG_WARN_STRICT_PROTOTYPES = YES;
				CLANG_WARN_SUSPICIOUS_MOVE = YES;
				CLANG_WARN_UNGUARDED_AVAILABILITY = YES_AGGRESSIVE;
				CLANG_WARN_UNREACHABLE_CODE = YES;
				CLANG_WARN__DUPLICATE_METHOD_MATCH = YES;
				COPY_PHASE_STRIP = NO;
				DEBUG_INFORMATION_FORMAT = "dwarf-with-dsym";
				ENABLE_NS_ASSERTIONS = NO;
				ENABLE_STRICT_OBJC_MSGSEND = YES;
				GCC_C_LANGUAGE_STANDARD = gnu11;
				GCC_NO_COMMON_BLOCKS = YES;
				GCC_WARN_64_TO_32_BIT_CONVERSION = YES;
				GCC_WARN_ABOUT_RETURN_TYPE = YES_ERROR;
				GCC_WARN_UNDECLARED_SELECTOR = YES;
				GCC_WARN_UNINITIALIZED_AUTOS = YES_AGGRESSIVE;
				GCC_WARN_UNUSED_FUNCTION = YES;
				GCC_WARN_UNUSED_VARIABLE = YES;
				IPHONEOS_DEPLOYMENT_TARGET = 14.2;
				MTL_ENABLE_DEBUG_INFO = NO;
				MTL_FAST_MATH = YES;
				SDKROOT = iphoneos;
				SWIFT_COMPILATION_MODE = wholemodule;
				SWIFT_OPTIMIZATION_LEVEL = "-O";
				VALIDATE_PRODUCT = YES;
			};
			name = Release;
		};
		E3B7726726A2A24E00356A73 /* Debug */ = {
			isa = XCBuildConfiguration;
			baseConfigurationReference = 8E7B93A5F837A434F34AFBB3 /* Pods-News.debug.xcconfig */;
			buildSettings = {
				ASSETCATALOG_COMPILER_APPICON_NAME = AppIcon;
				ASSETCATALOG_COMPILER_GLOBAL_ACCENT_COLOR_NAME = AccentColor;
				CODE_SIGN_STYLE = Automatic;
				INFOPLIST_FILE = News/Info.plist;
				LD_RUNPATH_SEARCH_PATHS = (
					"$(inherited)",
					"@executable_path/Frameworks",
				);
				PRODUCT_BUNDLE_IDENTIFIER = "Amr-Saleh.News";
				PRODUCT_NAME = "$(TARGET_NAME)";
				SWIFT_VERSION = 5.0;
				TARGETED_DEVICE_FAMILY = 1;
			};
			name = Debug;
		};
		E3B7726826A2A24E00356A73 /* Release */ = {
			isa = XCBuildConfiguration;
			baseConfigurationReference = B03815D5B68364A91361655A /* Pods-News.release.xcconfig */;
			buildSettings = {
				ASSETCATALOG_COMPILER_APPICON_NAME = AppIcon;
				ASSETCATALOG_COMPILER_GLOBAL_ACCENT_COLOR_NAME = AccentColor;
				CODE_SIGN_STYLE = Automatic;
				INFOPLIST_FILE = News/Info.plist;
				LD_RUNPATH_SEARCH_PATHS = (
					"$(inherited)",
					"@executable_path/Frameworks",
				);
				PRODUCT_BUNDLE_IDENTIFIER = "Amr-Saleh.News";
				PRODUCT_NAME = "$(TARGET_NAME)";
				SWIFT_VERSION = 5.0;
				TARGETED_DEVICE_FAMILY = 1;
			};
			name = Release;
		};
/* End XCBuildConfiguration section */

/* Begin XCConfigurationList section */
		E3B7724D26A2A24B00356A73 /* Build configuration list for PBXProject "News" */ = {
			isa = XCConfigurationList;
			buildConfigurations = (
				E3B7726426A2A24E00356A73 /* Debug */,
				E3B7726526A2A24E00356A73 /* Release */,
			);
			defaultConfigurationIsVisible = 0;
			defaultConfigurationName = Release;
		};
		E3B7726626A2A24E00356A73 /* Build configuration list for PBXNativeTarget "News" */ = {
			isa = XCConfigurationList;
			buildConfigurations = (
				E3B7726726A2A24E00356A73 /* Debug */,
				E3B7726826A2A24E00356A73 /* Release */,
			);
			defaultConfigurationIsVisible = 0;
			defaultConfigurationName = Release;
		};
/* End XCConfigurationList section */
	};
	rootObject = E3B7724A26A2A24B00356A73 /* Project object */;
}
